// !$*UTF8*$!
{
	archiveVersion = 1;
	classes = {
	};
	objectVersion = 46;
	objects = {

/* Begin PBXBuildFile section */
		C714FC8713A6718C002C2CDF /* CBProtocolListViewController.m in Sources */ = {isa = PBXBuildFile; fileRef = C714FC8513A6718C002C2CDF /* CBProtocolListViewController.m */; };
		C714FC9713A789DF002C2CDF /* CBSelectorListViewController.m in Sources */ = {isa = PBXBuildFile; fileRef = C714FC9613A789DF002C2CDF /* CBSelectorListViewController.m */; };
		C714FC9A13A79307002C2CDF /* CBSelector.m in Sources */ = {isa = PBXBuildFile; fileRef = C714FC9913A79306002C2CDF /* CBSelector.m */; };
		C714FC9D13A7C250002C2CDF /* selector.png in Resources */ = {isa = PBXBuildFile; fileRef = C714FC9B13A7C250002C2CDF /* selector.png */; };
		C714FC9E13A7C250002C2CDF /* selectors.png in Resources */ = {isa = PBXBuildFile; fileRef = C714FC9C13A7C250002C2CDF /* selectors.png */; };
		C714FCB713A87E26002C2CDF /* MBProgressHUD.m in Sources */ = {isa = PBXBuildFile; fileRef = C714FCB613A87E26002C2CDF /* MBProgressHUD.m */; };
		C714FCBA13A88800002C2CDF /* Default@2x.png in Resources */ = {isa = PBXBuildFile; fileRef = C714FCB913A88800002C2CDF /* Default@2x.png */; };
		C78C468313A3B65A001E58D7 /* CBClass.m in Sources */ = {isa = PBXBuildFile; fileRef = C78C468213A3B65A001E58D7 /* CBClass.m */; };
		C78C468713A3B6D6001E58D7 /* CBFramework.m in Sources */ = {isa = PBXBuildFile; fileRef = C78C468613A3B6D6001E58D7 /* CBFramework.m */; };
		C7CAD91713A520970024ADCE /* CBProtocol.m in Sources */ = {isa = PBXBuildFile; fileRef = C7CAD91613A520970024ADCE /* CBProtocol.m */; };
		C7CAD91C13A52C170024ADCE /* CBRootViewController.m in Sources */ = {isa = PBXBuildFile; fileRef = C7CAD91A13A52C170024ADCE /* CBRootViewController.m */; };
		C7CAD91D13A52C170024ADCE /* RootViewController.xib in Resources */ = {isa = PBXBuildFile; fileRef = C7CAD91B13A52C170024ADCE /* RootViewController.xib */; };
		C7CAD91F13A52EB90024ADCE /* frameworks.png in Resources */ = {isa = PBXBuildFile; fileRef = C7CAD91E13A52EB90024ADCE /* frameworks.png */; };
		C7CAD92113A53D240024ADCE /* classes.png in Resources */ = {isa = PBXBuildFile; fileRef = C7CAD92013A53D240024ADCE /* classes.png */; };
		C7CAD92E13A62D9E0024ADCE /* UILabel+BMRoundedRectAdditions.m in Sources */ = {isa = PBXBuildFile; fileRef = C7CAD92D13A62D9D0024ADCE /* UILabel+BMRoundedRectAdditions.m */; };
		C7CAD93513A667540024ADCE /* property.png in Resources */ = {isa = PBXBuildFile; fileRef = C7CAD93313A667540024ADCE /* property.png */; };
		C7CAD93613A667540024ADCE /* protocol.png in Resources */ = {isa = PBXBuildFile; fileRef = C7CAD93413A667540024ADCE /* protocol.png */; };
		C7CAD93A13A6684C0024ADCE /* methods.png in Resources */ = {isa = PBXBuildFile; fileRef = C7CAD93713A6684C0024ADCE /* methods.png */; };
		C7CAD93B13A6684C0024ADCE /* properties.png in Resources */ = {isa = PBXBuildFile; fileRef = C7CAD93813A6684C0024ADCE /* properties.png */; };
		C7CAD93C13A6684C0024ADCE /* protocols.png in Resources */ = {isa = PBXBuildFile; fileRef = C7CAD93913A6684C0024ADCE /* protocols.png */; };
		C7CF077413A4D341008B3BA0 /* ClassDetailsViewController.xib in Resources */ = {isa = PBXBuildFile; fileRef = C7D2E55713A4BF7700AAD04C /* ClassDetailsViewController.xib */; };
		C7CF077713A4E98A008B3BA0 /* CBMethod.m in Sources */ = {isa = PBXBuildFile; fileRef = C7CF077613A4E98A008B3BA0 /* CBMethod.m */; };
		C7CF077B13A4ED7B008B3BA0 /* CBMethodListViewController.m in Sources */ = {isa = PBXBuildFile; fileRef = C7CF077913A4ED7A008B3BA0 /* CBMethodListViewController.m */; };
		C7CF078013A4F24F008B3BA0 /* method.png in Resources */ = {isa = PBXBuildFile; fileRef = C7CF077F13A4F24F008B3BA0 /* method.png */; };
		C7D2E55A13A4BF7800AAD04C /* CBClassDetailsViewController.m in Sources */ = {isa = PBXBuildFile; fileRef = C7D2E55813A4BF7800AAD04C /* CBClassDetailsViewController.m */; };
		C7DCC6AA13A27238009B84CC /* UIKit.framework in Frameworks */ = {isa = PBXBuildFile; fileRef = C7DCC6A913A27238009B84CC /* UIKit.framework */; };
		C7DCC6AC13A27238009B84CC /* Foundation.framework in Frameworks */ = {isa = PBXBuildFile; fileRef = C7DCC6AB13A27238009B84CC /* Foundation.framework */; };
		C7DCC6AE13A27238009B84CC /* CoreGraphics.framework in Frameworks */ = {isa = PBXBuildFile; fileRef = C7DCC6AD13A27238009B84CC /* CoreGraphics.framework */; };
		C7DCC6B713A27238009B84CC /* main.m in Sources */ = {isa = PBXBuildFile; fileRef = C7DCC6B613A27238009B84CC /* main.m */; };
		C7DCC6BA13A27238009B84CC /* CBAppDelegate.m in Sources */ = {isa = PBXBuildFile; fileRef = C7DCC6B913A27238009B84CC /* CBAppDelegate.m */; };
		C7DCC6D913A27522009B84CC /* MainWindow.xib in Resources */ = {isa = PBXBuildFile; fileRef = C7DCC6D813A27522009B84CC /* MainWindow.xib */; };
		C7E3811113A27DD300758C3D /* CBFrameworkListViewController.m in Sources */ = {isa = PBXBuildFile; fileRef = C7E3811013A27DD300758C3D /* CBFrameworkListViewController.m */; };
		C7E3811B13A2ABAB00758C3D /* framework.png in Resources */ = {isa = PBXBuildFile; fileRef = C7E3811A13A2ABAB00758C3D /* framework.png */; };
		C7E3811F13A2B10E00758C3D /* CBClassListViewController.m in Sources */ = {isa = PBXBuildFile; fileRef = C7E3811D13A2B10E00758C3D /* CBClassListViewController.m */; };
		C7E3812013A2B10E00758C3D /* SectionedListViewController.xib in Resources */ = {isa = PBXBuildFile; fileRef = C7E3811E13A2B10E00758C3D /* SectionedListViewController.xib */; };
		C7E3812213A2B2E600758C3D /* class.png in Resources */ = {isa = PBXBuildFile; fileRef = C7E3812113A2B2E600758C3D /* class.png */; };
		C7ED4DE013A49A5D0066B411 /* CBSectionedListViewController.m in Sources */ = {isa = PBXBuildFile; fileRef = C7ED4DDF13A49A5D0066B411 /* CBSectionedListViewController.m */; };
		C7ED4DE413A4A5CE0066B411 /* CBFrameworkDetailsViewController.m in Sources */ = {isa = PBXBuildFile; fileRef = C7ED4DE213A4A5CE0066B411 /* CBFrameworkDetailsViewController.m */; };
		C7ED4DE513A4A5CE0066B411 /* FrameworkDetailsViewController.xib in Resources */ = {isa = PBXBuildFile; fileRef = C7ED4DE313A4A5CE0066B411 /* FrameworkDetailsViewController.xib */; };
/* End PBXBuildFile section */

/* Begin PBXFileReference section */
		C714FC8413A6718C002C2CDF /* CBProtocolListViewController.h */ = {isa = PBXFileReference; fileEncoding = 4; lastKnownFileType = sourcecode.c.h; path = CBProtocolListViewController.h; sourceTree = "<group>"; };
		C714FC8513A6718C002C2CDF /* CBProtocolListViewController.m */ = {isa = PBXFileReference; fileEncoding = 4; lastKnownFileType = sourcecode.c.objc; path = CBProtocolListViewController.m; sourceTree = "<group>"; };
		C714FC9513A789DF002C2CDF /* CBSelectorListViewController.h */ = {isa = PBXFileReference; fileEncoding = 4; lastKnownFileType = sourcecode.c.h; path = CBSelectorListViewController.h; sourceTree = "<group>"; };
		C714FC9613A789DF002C2CDF /* CBSelectorListViewController.m */ = {isa = PBXFileReference; fileEncoding = 4; lastKnownFileType = sourcecode.c.objc; path = CBSelectorListViewController.m; sourceTree = "<group>"; };
		C714FC9813A79306002C2CDF /* CBSelector.h */ = {isa = PBXFileReference; fileEncoding = 4; lastKnownFileType = sourcecode.c.h; path = CBSelector.h; sourceTree = "<group>"; };
		C714FC9913A79306002C2CDF /* CBSelector.m */ = {isa = PBXFileReference; fileEncoding = 4; lastKnownFileType = sourcecode.c.objc; path = CBSelector.m; sourceTree = "<group>"; };
		C714FC9B13A7C250002C2CDF /* selector.png */ = {isa = PBXFileReference; lastKnownFileType = image.png; path = selector.png; sourceTree = "<group>"; };
		C714FC9C13A7C250002C2CDF /* selectors.png */ = {isa = PBXFileReference; lastKnownFileType = image.png; path = selectors.png; sourceTree = "<group>"; };
		C714FCB513A87E26002C2CDF /* MBProgressHUD.h */ = {isa = PBXFileReference; fileEncoding = 4; lastKnownFileType = sourcecode.c.h; path = MBProgressHUD.h; sourceTree = "<group>"; };
		C714FCB613A87E26002C2CDF /* MBProgressHUD.m */ = {isa = PBXFileReference; fileEncoding = 4; lastKnownFileType = sourcecode.c.objc; path = MBProgressHUD.m; sourceTree = "<group>"; };
		C714FCB913A88800002C2CDF /* Default@2x.png */ = {isa = PBXFileReference; lastKnownFileType = image.png; path = "Default@2x.png"; sourceTree = "<group>"; };
		C78C468113A3B65A001E58D7 /* CBClass.h */ = {isa = PBXFileReference; fileEncoding = 4; lastKnownFileType = sourcecode.c.h; path = CBClass.h; sourceTree = "<group>"; };
		C78C468213A3B65A001E58D7 /* CBClass.m */ = {isa = PBXFileReference; fileEncoding = 4; lastKnownFileType = sourcecode.c.objc; path = CBClass.m; sourceTree = "<group>"; };
		C78C468513A3B6D6001E58D7 /* CBFramework.h */ = {isa = PBXFileReference; fileEncoding = 4; lastKnownFileType = sourcecode.c.h; path = CBFramework.h; sourceTree = "<group>"; };
		C78C468613A3B6D6001E58D7 /* CBFramework.m */ = {isa = PBXFileReference; fileEncoding = 4; lastKnownFileType = sourcecode.c.objc; path = CBFramework.m; sourceTree = "<group>"; };
		C7CAD91513A520970024ADCE /* CBProtocol.h */ = {isa = PBXFileReference; fileEncoding = 4; lastKnownFileType = sourcecode.c.h; path = CBProtocol.h; sourceTree = "<group>"; };
		C7CAD91613A520970024ADCE /* CBProtocol.m */ = {isa = PBXFileReference; fileEncoding = 4; lastKnownFileType = sourcecode.c.objc; path = CBProtocol.m; sourceTree = "<group>"; };
		C7CAD91913A52C170024ADCE /* CBRootViewController.h */ = {isa = PBXFileReference; fileEncoding = 4; lastKnownFileType = sourcecode.c.h; path = CBRootViewController.h; sourceTree = "<group>"; };
		C7CAD91A13A52C170024ADCE /* CBRootViewController.m */ = {isa = PBXFileReference; fileEncoding = 4; lastKnownFileType = sourcecode.c.objc; path = CBRootViewController.m; sourceTree = "<group>"; };
		C7CAD91B13A52C170024ADCE /* RootViewController.xib */ = {isa = PBXFileReference; fileEncoding = 4; lastKnownFileType = file.xib; path = RootViewController.xib; sourceTree = "<group>"; };
		C7CAD91E13A52EB90024ADCE /* frameworks.png */ = {isa = PBXFileReference; lastKnownFileType = image.png; path = frameworks.png; sourceTree = "<group>"; };
		C7CAD92013A53D240024ADCE /* classes.png */ = {isa = PBXFileReference; lastKnownFileType = image.png; path = classes.png; sourceTree = "<group>"; };
		C7CAD92C13A62D9D0024ADCE /* UILabel+BMRoundedRectAdditions.h */ = {isa = PBXFileReference; fileEncoding = 4; lastKnownFileType = sourcecode.c.h; path = "UILabel+BMRoundedRectAdditions.h"; sourceTree = "<group>"; };
		C7CAD92D13A62D9D0024ADCE /* UILabel+BMRoundedRectAdditions.m */ = {isa = PBXFileReference; fileEncoding = 4; lastKnownFileType = sourcecode.c.objc; path = "UILabel+BMRoundedRectAdditions.m"; sourceTree = "<group>"; };
		C7CAD93313A667540024ADCE /* property.png */ = {isa = PBXFileReference; lastKnownFileType = image.png; path = property.png; sourceTree = "<group>"; };
		C7CAD93413A667540024ADCE /* protocol.png */ = {isa = PBXFileReference; lastKnownFileType = image.png; path = protocol.png; sourceTree = "<group>"; };
		C7CAD93713A6684C0024ADCE /* methods.png */ = {isa = PBXFileReference; lastKnownFileType = image.png; path = methods.png; sourceTree = "<group>"; };
		C7CAD93813A6684C0024ADCE /* properties.png */ = {isa = PBXFileReference; lastKnownFileType = image.png; path = properties.png; sourceTree = "<group>"; };
		C7CAD93913A6684C0024ADCE /* protocols.png */ = {isa = PBXFileReference; lastKnownFileType = image.png; path = protocols.png; sourceTree = "<group>"; };
		C7CF077313A4C54D008B3BA0 /* CBClassDetailsViewController.h */ = {isa = PBXFileReference; fileEncoding = 4; lastKnownFileType = sourcecode.c.h; path = CBClassDetailsViewController.h; sourceTree = "<group>"; };
		C7CF077513A4E98A008B3BA0 /* CBMethod.h */ = {isa = PBXFileReference; fileEncoding = 4; lastKnownFileType = sourcecode.c.h; path = CBMethod.h; sourceTree = "<group>"; };
		C7CF077613A4E98A008B3BA0 /* CBMethod.m */ = {isa = PBXFileReference; fileEncoding = 4; lastKnownFileType = sourcecode.c.objc; path = CBMethod.m; sourceTree = "<group>"; };
		C7CF077813A4ED7A008B3BA0 /* CBMethodListViewController.h */ = {isa = PBXFileReference; fileEncoding = 4; lastKnownFileType = sourcecode.c.h; path = CBMethodListViewController.h; sourceTree = "<group>"; };
		C7CF077913A4ED7A008B3BA0 /* CBMethodListViewController.m */ = {isa = PBXFileReference; fileEncoding = 4; lastKnownFileType = sourcecode.c.objc; path = CBMethodListViewController.m; sourceTree = "<group>"; };
		C7CF077F13A4F24F008B3BA0 /* method.png */ = {isa = PBXFileReference; lastKnownFileType = image.png; path = method.png; sourceTree = "<group>"; };
		C7D2E55713A4BF7700AAD04C /* ClassDetailsViewController.xib */ = {isa = PBXFileReference; fileEncoding = 4; lastKnownFileType = file.xib; path = ClassDetailsViewController.xib; sourceTree = "<group>"; };
		C7D2E55813A4BF7800AAD04C /* CBClassDetailsViewController.m */ = {isa = PBXFileReference; fileEncoding = 4; lastKnownFileType = sourcecode.c.objc; path = CBClassDetailsViewController.m; sourceTree = "<group>"; };
		C7DCC6A513A27238009B84CC /* ClassBrowser.app */ = {isa = PBXFileReference; explicitFileType = wrapper.application; includeInIndex = 0; name = ClassBrowser.app; path = "/Users/bmeurer/Desktop/XcodeProjects/ClassBrowser/build/Release-iphoneos/ClassBrowser.app"; sourceTree = "<absolute>"; };
		C7DCC6A913A27238009B84CC /* UIKit.framework */ = {isa = PBXFileReference; lastKnownFileType = wrapper.framework; name = UIKit.framework; path = System/Library/Frameworks/UIKit.framework; sourceTree = SDKROOT; };
		C7DCC6AB13A27238009B84CC /* Foundation.framework */ = {isa = PBXFileReference; lastKnownFileType = wrapper.framework; name = Foundation.framework; path = System/Library/Frameworks/Foundation.framework; sourceTree = SDKROOT; };
		C7DCC6AD13A27238009B84CC /* CoreGraphics.framework */ = {isa = PBXFileReference; lastKnownFileType = wrapper.framework; name = CoreGraphics.framework; path = System/Library/Frameworks/CoreGraphics.framework; sourceTree = SDKROOT; };
		C7DCC6B113A27238009B84CC /* Info.plist */ = {isa = PBXFileReference; lastKnownFileType = text.plist.xml; path = Info.plist; sourceTree = "<group>"; };
		C7DCC6B513A27238009B84CC /* ClassBrowser-Prefix.pch */ = {isa = PBXFileReference; lastKnownFileType = sourcecode.c.h; path = "ClassBrowser-Prefix.pch"; sourceTree = "<group>"; };
		C7DCC6B613A27238009B84CC /* main.m */ = {isa = PBXFileReference; lastKnownFileType = sourcecode.c.objc; path = main.m; sourceTree = "<group>"; };
		C7DCC6B813A27238009B84CC /* CBAppDelegate.h */ = {isa = PBXFileReference; lastKnownFileType = sourcecode.c.h; path = CBAppDelegate.h; sourceTree = "<group>"; };
		C7DCC6B913A27238009B84CC /* CBAppDelegate.m */ = {isa = PBXFileReference; lastKnownFileType = sourcecode.c.objc; path = CBAppDelegate.m; sourceTree = "<group>"; };
		C7DCC6D813A27522009B84CC /* MainWindow.xib */ = {isa = PBXFileReference; fileEncoding = 4; lastKnownFileType = file.xib; path = MainWindow.xib; sourceTree = "<group>"; };
		C7E3810F13A27DD300758C3D /* CBFrameworkListViewController.h */ = {isa = PBXFileReference; fileEncoding = 4; lastKnownFileType = sourcecode.c.h; path = CBFrameworkListViewController.h; sourceTree = "<group>"; };
		C7E3811013A27DD300758C3D /* CBFrameworkListViewController.m */ = {isa = PBXFileReference; fileEncoding = 4; lastKnownFileType = sourcecode.c.objc; path = CBFrameworkListViewController.m; sourceTree = "<group>"; };
		C7E3811A13A2ABAB00758C3D /* framework.png */ = {isa = PBXFileReference; lastKnownFileType = image.png; path = framework.png; sourceTree = "<group>"; };
		C7E3811C13A2B10E00758C3D /* CBClassListViewController.h */ = {isa = PBXFileReference; fileEncoding = 4; lastKnownFileType = sourcecode.c.h; path = CBClassListViewController.h; sourceTree = "<group>"; };
		C7E3811D13A2B10E00758C3D /* CBClassListViewController.m */ = {isa = PBXFileReference; fileEncoding = 4; lastKnownFileType = sourcecode.c.objc; path = CBClassListViewController.m; sourceTree = "<group>"; };
		C7E3811E13A2B10E00758C3D /* SectionedListViewController.xib */ = {isa = PBXFileReference; fileEncoding = 4; lastKnownFileType = file.xib; path = SectionedListViewController.xib; sourceTree = "<group>"; };
		C7E3812113A2B2E600758C3D /* class.png */ = {isa = PBXFileReference; lastKnownFileType = image.png; path = class.png; sourceTree = "<group>"; };
		C7ED4DDE13A49A5D0066B411 /* CBSectionedListViewController.h */ = {isa = PBXFileReference; fileEncoding = 4; lastKnownFileType = sourcecode.c.h; path = CBSectionedListViewController.h; sourceTree = "<group>"; };
		C7ED4DDF13A49A5D0066B411 /* CBSectionedListViewController.m */ = {isa = PBXFileReference; fileEncoding = 4; lastKnownFileType = sourcecode.c.objc; path = CBSectionedListViewController.m; sourceTree = "<group>"; };
		C7ED4DE113A4A5CD0066B411 /* CBFrameworkDetailsViewController.h */ = {isa = PBXFileReference; fileEncoding = 4; lastKnownFileType = sourcecode.c.h; path = CBFrameworkDetailsViewController.h; sourceTree = "<group>"; };
		C7ED4DE213A4A5CE0066B411 /* CBFrameworkDetailsViewController.m */ = {isa = PBXFileReference; fileEncoding = 4; lastKnownFileType = sourcecode.c.objc; path = CBFrameworkDetailsViewController.m; sourceTree = "<group>"; };
		C7ED4DE313A4A5CE0066B411 /* FrameworkDetailsViewController.xib */ = {isa = PBXFileReference; fileEncoding = 4; lastKnownFileType = file.xib; path = FrameworkDetailsViewController.xib; sourceTree = "<group>"; };
/* End PBXFileReference section */

/* Begin PBXFrameworksBuildPhase section */
		C7DCC6A213A27238009B84CC /* Frameworks */ = {
			isa = PBXFrameworksBuildPhase;
			buildActionMask = 2147483647;
			files = (
				C7DCC6AA13A27238009B84CC /* UIKit.framework in Frameworks */,
				C7DCC6AC13A27238009B84CC /* Foundation.framework in Frameworks */,
				C7DCC6AE13A27238009B84CC /* CoreGraphics.framework in Frameworks */,
			);
			runOnlyForDeploymentPostprocessing = 0;
		};
/* End PBXFrameworksBuildPhase section */

/* Begin PBXGroup section */
		C714FCB413A87E09002C2CDF /* MBProgressHUD */ = {
			isa = PBXGroup;
			children = (
				C714FCB513A87E26002C2CDF /* MBProgressHUD.h */,
				C714FCB613A87E26002C2CDF /* MBProgressHUD.m */,
			);
			path = MBProgressHUD;
			sourceTree = "<group>";
		};
		C714FCB813A87E61002C2CDF /* Submodules */ = {
			isa = PBXGroup;
			children = (
				C714FCB413A87E09002C2CDF /* MBProgressHUD */,
			);
			name = Submodules;
			sourceTree = "<group>";
		};
		C78C468413A3B6AE001E58D7 /* Runtime Entities */ = {
			isa = PBXGroup;
			children = (
				C78C468113A3B65A001E58D7 /* CBClass.h */,
				C78C468213A3B65A001E58D7 /* CBClass.m */,
				C78C468513A3B6D6001E58D7 /* CBFramework.h */,
				C78C468613A3B6D6001E58D7 /* CBFramework.m */,
				C7CF077513A4E98A008B3BA0 /* CBMethod.h */,
				C7CF077613A4E98A008B3BA0 /* CBMethod.m */,
				C7CAD91513A520970024ADCE /* CBProtocol.h */,
				C7CAD91613A520970024ADCE /* CBProtocol.m */,
				C714FC9813A79306002C2CDF /* CBSelector.h */,
				C714FC9913A79306002C2CDF /* CBSelector.m */,
			);
			name = "Runtime Entities";
			sourceTree = "<group>";
		};
		C7CAD92513A60F9B0024ADCE /* Additions */ = {
			isa = PBXGroup;
			children = (
				C7CAD92C13A62D9D0024ADCE /* UILabel+BMRoundedRectAdditions.h */,
				C7CAD92D13A62D9D0024ADCE /* UILabel+BMRoundedRectAdditions.m */,
			);
			name = Additions;
			sourceTree = "<group>";
		};
		C7CAD93D13A6685E0024ADCE /* Images */ = {
			isa = PBXGroup;
			children = (
				C714FCB913A88800002C2CDF /* Default@2x.png */,
				C714FC9B13A7C250002C2CDF /* selector.png */,
				C714FC9C13A7C250002C2CDF /* selectors.png */,
				C7E3812113A2B2E600758C3D /* class.png */,
				C7CAD92013A53D240024ADCE /* classes.png */,
				C7E3811A13A2ABAB00758C3D /* framework.png */,
				C7CAD91E13A52EB90024ADCE /* frameworks.png */,
				C7CF077F13A4F24F008B3BA0 /* method.png */,
				C7CAD93713A6684C0024ADCE /* methods.png */,
				C7CAD93313A667540024ADCE /* property.png */,
				C7CAD93813A6684C0024ADCE /* properties.png */,
				C7CAD93413A667540024ADCE /* protocol.png */,
				C7CAD93913A6684C0024ADCE /* protocols.png */,
			);
			name = Images;
			sourceTree = "<group>";
		};
		C7DCC69A13A27238009B84CC = {
			isa = PBXGroup;
			children = (
				C7DCC6C313A27249009B84CC /* Classes */,
				C7DCC6D613A2750A009B84CC /* Resources */,
				C7DCC6CD13A272D2009B84CC /* Supporting Files */,
				C714FCB813A87E61002C2CDF /* Submodules */,
				C7DCC6A813A27238009B84CC /* Frameworks */,
				C7DCC6A613A27238009B84CC /* Products */,
			);
			sourceTree = "<group>";
		};
		C7DCC6A613A27238009B84CC /* Products */ = {
			isa = PBXGroup;
			children = (
			);
			name = Products;
			sourceTree = "<group>";
		};
		C7DCC6A813A27238009B84CC /* Frameworks */ = {
			isa = PBXGroup;
			children = (
				C7DCC6A913A27238009B84CC /* UIKit.framework */,
				C7DCC6AB13A27238009B84CC /* Foundation.framework */,
				C7DCC6AD13A27238009B84CC /* CoreGraphics.framework */,
			);
			name = Frameworks;
			sourceTree = "<group>";
		};
		C7DCC6C313A27249009B84CC /* Classes */ = {
			isa = PBXGroup;
			children = (
				C7CAD92513A60F9B0024ADCE /* Additions */,
				C78C468413A3B6AE001E58D7 /* Runtime Entities */,
				C7E3811313A27DF700758C3D /* View Controllers */,
				C7DCC6B813A27238009B84CC /* CBAppDelegate.h */,
				C7DCC6B913A27238009B84CC /* CBAppDelegate.m */,
			);
			path = Classes;
			sourceTree = "<group>";
		};
		C7DCC6CD13A272D2009B84CC /* Supporting Files */ = {
			isa = PBXGroup;
			children = (
				C7DCC6B513A27238009B84CC /* ClassBrowser-Prefix.pch */,
				C7DCC6B113A27238009B84CC /* Info.plist */,
				C7DCC6B613A27238009B84CC /* main.m */,
			);
			name = "Supporting Files";
			sourceTree = "<group>";
		};
		C7DCC6D613A2750A009B84CC /* Resources */ = {
			isa = PBXGroup;
			children = (
				C7CAD93D13A6685E0024ADCE /* Images */,
				C7D2E55713A4BF7700AAD04C /* ClassDetailsViewController.xib */,
				C7ED4DE313A4A5CE0066B411 /* FrameworkDetailsViewController.xib */,
				C7DCC6D813A27522009B84CC /* MainWindow.xib */,
				C7CAD91B13A52C170024ADCE /* RootViewController.xib */,
				C7E3811E13A2B10E00758C3D /* SectionedListViewController.xib */,
			);
			name = Resources;
			sourceTree = "<group>";
		};
		C7E3811313A27DF700758C3D /* View Controllers */ = {
			isa = PBXGroup;
			children = (
				C7CF077313A4C54D008B3BA0 /* CBClassDetailsViewController.h */,
				C7D2E55813A4BF7800AAD04C /* CBClassDetailsViewController.m */,
				C7E3811C13A2B10E00758C3D /* CBClassListViewController.h */,
				C7E3811D13A2B10E00758C3D /* CBClassListViewController.m */,
				C7ED4DE113A4A5CD0066B411 /* CBFrameworkDetailsViewController.h */,
				C7ED4DE213A4A5CE0066B411 /* CBFrameworkDetailsViewController.m */,
				C7E3810F13A27DD300758C3D /* CBFrameworkListViewController.h */,
				C7E3811013A27DD300758C3D /* CBFrameworkListViewController.m */,
				C714FC9513A789DF002C2CDF /* CBSelectorListViewController.h */,
				C714FC9613A789DF002C2CDF /* CBSelectorListViewController.m */,
				C7CF077813A4ED7A008B3BA0 /* CBMethodListViewController.h */,
				C7CF077913A4ED7A008B3BA0 /* CBMethodListViewController.m */,
				C714FC8413A6718C002C2CDF /* CBProtocolListViewController.h */,
				C714FC8513A6718C002C2CDF /* CBProtocolListViewController.m */,
				C7CAD91913A52C170024ADCE /* CBRootViewController.h */,
				C7CAD91A13A52C170024ADCE /* CBRootViewController.m */,
				C7ED4DDE13A49A5D0066B411 /* CBSectionedListViewController.h */,
				C7ED4DDF13A49A5D0066B411 /* CBSectionedListViewController.m */,
			);
			name = "View Controllers";
			sourceTree = "<group>";
		};
/* End PBXGroup section */

/* Begin PBXNativeTarget section */
		C7DCC6A413A27238009B84CC /* ClassBrowser */ = {
			isa = PBXNativeTarget;
			buildConfigurationList = C7DCC6C013A27238009B84CC /* Build configuration list for PBXNativeTarget "ClassBrowser" */;
			buildPhases = (
				C7DCC6A113A27238009B84CC /* Sources */,
				C7DCC6A213A27238009B84CC /* Frameworks */,
				C7DCC6A313A27238009B84CC /* Resources */,
			);
			buildRules = (
			);
			dependencies = (
			);
			name = ClassBrowser;
			productName = ClassBrowser;
			productReference = C7DCC6A513A27238009B84CC /* ClassBrowser.app */;
			productType = "com.apple.product-type.application";
		};
/* End PBXNativeTarget section */

/* Begin PBXProject section */
		C7DCC69C13A27238009B84CC /* Project object */ = {
			isa = PBXProject;
			attributes = {
				ORGANIZATIONNAME = "";
			};
			buildConfigurationList = C7DCC69F13A27238009B84CC /* Build configuration list for PBXProject "ClassBrowser" */;
			compatibilityVersion = "Xcode 3.2";
			developmentRegion = English;
			hasScannedForEncodings = 0;
			knownRegions = (
				en,
			);
			mainGroup = C7DCC69A13A27238009B84CC;
			productRefGroup = C7DCC6A613A27238009B84CC /* Products */;
			projectDirPath = "";
			projectRoot = "";
			targets = (
				C7DCC6A413A27238009B84CC /* ClassBrowser */,
			);
		};
/* End PBXProject section */

/* Begin PBXResourcesBuildPhase section */
		C7DCC6A313A27238009B84CC /* Resources */ = {
			isa = PBXResourcesBuildPhase;
			buildActionMask = 2147483647;
			files = (
				C7CF077413A4D341008B3BA0 /* ClassDetailsViewController.xib in Resources */,
				C7E3812013A2B10E00758C3D /* SectionedListViewController.xib in Resources */,
				C7ED4DE513A4A5CE0066B411 /* FrameworkDetailsViewController.xib in Resources */,
				C7DCC6D913A27522009B84CC /* MainWindow.xib in Resources */,
				C7E3812213A2B2E600758C3D /* class.png in Resources */,
				C7E3811B13A2ABAB00758C3D /* framework.png in Resources */,
				C7CF078013A4F24F008B3BA0 /* method.png in Resources */,
				C7CAD91D13A52C170024ADCE /* RootViewController.xib in Resources */,
				C7CAD91F13A52EB90024ADCE /* frameworks.png in Resources */,
				C7CAD92113A53D240024ADCE /* classes.png in Resources */,
				C7CAD93513A667540024ADCE /* property.png in Resources */,
				C7CAD93613A667540024ADCE /* protocol.png in Resources */,
				C7CAD93A13A6684C0024ADCE /* methods.png in Resources */,
				C7CAD93B13A6684C0024ADCE /* properties.png in Resources */,
				C7CAD93C13A6684C0024ADCE /* protocols.png in Resources */,
				C714FC9D13A7C250002C2CDF /* selector.png in Resources */,
				C714FC9E13A7C250002C2CDF /* selectors.png in Resources */,
				C714FCBA13A88800002C2CDF /* Default@2x.png in Resources */,
			);
			runOnlyForDeploymentPostprocessing = 0;
		};
/* End PBXResourcesBuildPhase section */

/* Begin PBXSourcesBuildPhase section */
		C7DCC6A113A27238009B84CC /* Sources */ = {
			isa = PBXSourcesBuildPhase;
			buildActionMask = 2147483647;
			files = (
				C7DCC6B713A27238009B84CC /* main.m in Sources */,
				C7DCC6BA13A27238009B84CC /* CBAppDelegate.m in Sources */,
				C7E3811113A27DD300758C3D /* CBFrameworkListViewController.m in Sources */,
				C7E3811F13A2B10E00758C3D /* CBClassListViewController.m in Sources */,
				C78C468313A3B65A001E58D7 /* CBClass.m in Sources */,
				C78C468713A3B6D6001E58D7 /* CBFramework.m in Sources */,
				C7ED4DE013A49A5D0066B411 /* CBSectionedListViewController.m in Sources */,
				C7ED4DE413A4A5CE0066B411 /* CBFrameworkDetailsViewController.m in Sources */,
				C7D2E55A13A4BF7800AAD04C /* CBClassDetailsViewController.m in Sources */,
				C7CF077713A4E98A008B3BA0 /* CBMethod.m in Sources */,
				C7CF077B13A4ED7B008B3BA0 /* CBMethodListViewController.m in Sources */,
				C7CAD91713A520970024ADCE /* CBProtocol.m in Sources */,
				C7CAD91C13A52C170024ADCE /* CBRootViewController.m in Sources */,
				C7CAD92E13A62D9E0024ADCE /* UILabel+BMRoundedRectAdditions.m in Sources */,
				C714FC8713A6718C002C2CDF /* CBProtocolListViewController.m in Sources */,
				C714FC9713A789DF002C2CDF /* CBSelectorListViewController.m in Sources */,
				C714FC9A13A79307002C2CDF /* CBSelector.m in Sources */,
				C714FCB713A87E26002C2CDF /* MBProgressHUD.m in Sources */,
			);
			runOnlyForDeploymentPostprocessing = 0;
		};
/* End PBXSourcesBuildPhase section */

/* Begin XCBuildConfiguration section */
		C7DCC6BE13A27238009B84CC /* Debug */ = {
			isa = XCBuildConfiguration;
			buildSettings = {
				ARCHS = "$(ARCHS_STANDARD_32_BIT)";
				"CODE_SIGN_IDENTITY[sdk=iphoneos*]" = "iPhone Developer";
				GCC_C_LANGUAGE_STANDARD = gnu99;
				GCC_OPTIMIZATION_LEVEL = 0;
				GCC_PREPROCESSOR_DEFINITIONS = DEBUG;
				GCC_SYMBOLS_PRIVATE_EXTERN = NO;
				GCC_VERSION = com.apple.compilers.llvmgcc42;
				GCC_WARN_ABOUT_RETURN_TYPE = YES;
				GCC_WARN_UNUSED_VARIABLE = YES;
				IPHONEOS_DEPLOYMENT_TARGET = 4.3;
				SDKROOT = iphoneos;
			};
			name = Debug;
		};
		C7DCC6BF13A27238009B84CC /* Release */ = {
			isa = XCBuildConfiguration;
			buildSettings = {
				ARCHS = "$(ARCHS_STANDARD_32_BIT)";
				"CODE_SIGN_IDENTITY[sdk=iphoneos*]" = "iPhone Developer";
				GCC_C_LANGUAGE_STANDARD = gnu99;
				GCC_VERSION = com.apple.compilers.llvmgcc42;
				GCC_WARN_ABOUT_RETURN_TYPE = YES;
				GCC_WARN_UNUSED_VARIABLE = YES;
				IPHONEOS_DEPLOYMENT_TARGET = 4.3;
				OTHER_CFLAGS = "-DNS_BLOCK_ASSERTIONS=1";
				SDKROOT = iphoneos;
			};
			name = Release;
		};
		C7DCC6C113A27238009B84CC /* Debug */ = {
			isa = XCBuildConfiguration;
			buildSettings = {
				ALWAYS_SEARCH_USER_PATHS = NO;
				COPY_PHASE_STRIP = NO;
				GCC_DYNAMIC_NO_PIC = NO;
				GCC_PRECOMPILE_PREFIX_HEADER = YES;
				GCC_PREFIX_HEADER = "ClassBrowser-Prefix.pch";
				INFOPLIST_FILE = Info.plist;
				PRODUCT_NAME = "$(TARGET_NAME)";
				WRAPPER_EXTENSION = app;
			};
			name = Debug;
		};
		C7DCC6C213A27238009B84CC /* Release */ = {
			isa = XCBuildConfiguration;
			buildSettings = {
				ALWAYS_SEARCH_USER_PATHS = NO;
				COPY_PHASE_STRIP = YES;
				GCC_PRECOMPILE_PREFIX_HEADER = YES;
				GCC_PREFIX_HEADER = "ClassBrowser-Prefix.pch";
				INFOPLIST_FILE = Info.plist;
				PRODUCT_NAME = "$(TARGET_NAME)";
				VALIDATE_PRODUCT = YES;
				WRAPPER_EXTENSION = app;
			};
			name = Release;
		};
/* End XCBuildConfiguration section */

/* Begin XCConfigurationList section */
		C7DCC69F13A27238009B84CC /* Build configuration list for PBXProject "ClassBrowser" */ = {
			isa = XCConfigurationList;
			buildConfigurations = (
				C7DCC6BE13A27238009B84CC /* Debug */,
				C7DCC6BF13A27238009B84CC /* Release */,
			);
			defaultConfigurationIsVisible = 0;
			defaultConfigurationName = Release;
		};
		C7DCC6C013A27238009B84CC /* Build configuration list for PBXNativeTarget "ClassBrowser" */ = {
			isa = XCConfigurationList;
			buildConfigurations = (
				C7DCC6C113A27238009B84CC /* Debug */,
				C7DCC6C213A27238009B84CC /* Release */,
			);
			defaultConfigurationIsVisible = 0;
			defaultConfigurationName = Release;
		};
/* End XCConfigurationList section */
	};
	rootObject = C7DCC69C13A27238009B84CC /* Project object */;
}
